
Microsoft Visual Studio Solution File, Format Version 12.00
# Visual Studio Version 16
VisualStudioVersion = 16.6.30114.105
MinimumVisualStudioVersion = 10.0.40219.1
Project("{FAE04EC0-301F-11D3-BF4B-00C04F79EFBC}") = "A9.App", "A9.App\A9.App.csproj", "{3BBD0B7E-48C6-4E7C-9906-1AEEF2727A01}"
EndProject
Project("{FAE04EC0-301F-11D3-BF4B-00C04F79EFBC}") = "A9.Lib", "A9.Lib\A9.Lib.csproj", "{B4EF86F8-9AE8-4990-9942-66D656BF1D0D}"
EndProject
Project("{FAE04EC0-301F-11D3-BF4B-00C04F79EFBC}") = "A9.Tests", "A9.Tests\A9.Tests.csproj", "{6FA0108E-2892-41B1-ADEF-1B97EA0B3548}"
EndProject
Global
	GlobalSection(SolutionConfigurationPlatforms) = preSolution
		Debug|Any CPU = Debug|Any CPU
		Debug|x64 = Debug|x64
		Debug|x86 = Debug|x86
		Release|Any CPU = Release|Any CPU
		Release|x64 = Release|x64
		Release|x86 = Release|x86
	EndGlobalSection
	GlobalSection(SolutionProperties) = preSolution
		HideSolutionNode = FALSE
	EndGlobalSection
	GlobalSection(ProjectConfigurationPlatforms) = postSolution
		{3BBD0B7E-48C6-4E7C-9906-1AEEF2727A01}.Debug|Any CPU.ActiveCfg = Debug|Any CPU
		{3BBD0B7E-48C6-4E7C-9906-1AEEF2727A01}.Debug|Any CPU.Build.0 = Debug|Any CPU
		{3BBD0B7E-48C6-4E7C-9906-1AEEF2727A01}.Debug|x64.ActiveCfg = Debug|Any CPU
		{3BBD0B7E-48C6-4E7C-9906-1AEEF2727A01}.Debug|x64.Build.0 = Debug|Any CPU
		{3BBD0B7E-48C6-4E7C-9906-1AEEF2727A01}.Debug|x86.ActiveCfg = Debug|Any CPU
		{3BBD0B7E-48C6-4E7C-9906-1AEEF2727A01}.Debug|x86.Build.0 = Debug|Any CPU
		{3BBD0B7E-48C6-4E7C-9906-1AEEF2727A01}.Release|Any CPU.ActiveCfg = Release|Any CPU
		{3BBD0B7E-48C6-4E7C-9906-1AEEF2727A01}.Release|Any CPU.Build.0 = Release|Any CPU
		{3BBD0B7E-48C6-4E7C-9906-1AEEF2727A01}.Release|x64.ActiveCfg = Release|Any CPU
		{3BBD0B7E-48C6-4E7C-9906-1AEEF2727A01}.Release|x64.Build.0 = Release|Any CPU
		{3BBD0B7E-48C6-4E7C-9906-1AEEF2727A01}.Release|x86.ActiveCfg = Release|Any CPU
		{3BBD0B7E-48C6-4E7C-9906-1AEEF2727A01}.Release|x86.Build.0 = Release|Any CPU
		{B4EF86F8-9AE8-4990-9942-66D656BF1D0D}.Debug|Any CPU.ActiveCfg = Debug|Any CPU
		{B4EF86F8-9AE8-4990-9942-66D656BF1D0D}.Debug|Any CPU.Build.0 = Debug|Any CPU
		{B4EF86F8-9AE8-4990-9942-66D656BF1D0D}.Debug|x64.ActiveCfg = Debug|Any CPU
		{B4EF86F8-9AE8-4990-9942-66D656BF1D0D}.Debug|x64.Build.0 = Debug|Any CPU
		{B4EF86F8-9AE8-4990-9942-66D656BF1D0D}.Debug|x86.ActiveCfg = Debug|Any CPU
		{B4EF86F8-9AE8-4990-9942-66D656BF1D0D}.Debug|x86.Build.0 = Debug|Any CPU
		{B4EF86F8-9AE8-4990-9942-66D656BF1D0D}.Release|Any CPU.ActiveCfg = Release|Any CPU
		{B4EF86F8-9AE8-4990-9942-66D656BF1D0D}.Release|Any CPU.Build.0 = Release|Any CPU
		{B4EF86F8-9AE8-4990-9942-66D656BF1D0D}.Release|x64.ActiveCfg = Release|Any CPU
		{B4EF86F8-9AE8-4990-9942-66D656BF1D0D}.Release|x64.Build.0 = Release|Any CPU
		{B4EF86F8-9AE8-4990-9942-66D656BF1D0D}.Release|x86.ActiveCfg = Release|Any CPU
		{B4EF86F8-9AE8-4990-9942-66D656BF1D0D}.Release|x86.Build.0 = Release|Any CPU
		{6FA0108E-2892-41B1-ADEF-1B97EA0B3548}.Debug|Any CPU.ActiveCfg = Debug|Any CPU
		{6FA0108E-2892-41B1-ADEF-1B97EA0B3548}.Debug|Any CPU.Build.0 = Debug|Any CPU
		{6FA0108E-2892-41B1-ADEF-1B97EA0B3548}.Debug|x64.ActiveCfg = Debug|Any CPU
		{6FA0108E-2892-41B1-ADEF-1B97EA0B3548}.Debug|x64.Build.0 = Debug|Any CPU
		{6FA0108E-2892-41B1-ADEF-1B97EA0B3548}.Debug|x86.ActiveCfg = Debug|Any CPU
		{6FA0108E-2892-41B1-ADEF-1B97EA0B3548}.Debug|x86.Build.0 = Debug|Any CPU
		{6FA0108E-2892-41B1-ADEF-1B97EA0B3548}.Release|Any CPU.ActiveCfg = Release|Any CPU
		{6FA0108E-2892-41B1-ADEF-1B97EA0B3548}.Release|Any CPU.Build.0 = Release|Any CPU
		{6FA0108E-2892-41B1-ADEF-1B97EA0B3548}.Release|x64.ActiveCfg = Release|Any CPU
		{6FA0108E-2892-41B1-ADEF-1B97EA0B3548}.Release|x64.Build.0 = Release|Any CPU
		{6FA0108E-2892-41B1-ADEF-1B97EA0B3548}.Release|x86.ActiveCfg = Release|Any CPU
		{6FA0108E-2892-41B1-ADEF-1B97EA0B3548}.Release|x86.Build.0 = Release|Any CPU
	EndGlobalSection
EndGlobal
