
Microsoft Visual Studio Solution File, Format Version 12.00
# Visual Studio Version 16
VisualStudioVersion = 16.6.30114.105
MinimumVisualStudioVersion = 10.0.40219.1
Project("{FAE04EC0-301F-11D3-BF4B-00C04F79EFBC}") = "A7", "A7\A7.csproj", "{A54D14FC-3D80-4C3B-9E15-342441822115}"
EndProject
Project("{FAE04EC0-301F-11D3-BF4B-00C04F79EFBC}") = "A7.Tests", "A7.Tests\A7.Tests.csproj", "{ED90B7E9-AE04-4D27-B675-D9E0CB57789B}"
EndProject
Global
	GlobalSection(SolutionConfigurationPlatforms) = preSolution
		Debug|Any CPU = Debug|Any CPU
		Debug|x64 = Debug|x64
		Debug|x86 = Debug|x86
		Release|Any CPU = Release|Any CPU
		Release|x64 = Release|x64
		Release|x86 = Release|x86
	EndGlobalSection
	GlobalSection(SolutionProperties) = preSolution
		HideSolutionNode = FALSE
	EndGlobalSection
	GlobalSection(ProjectConfigurationPlatforms) = postSolution
		{A54D14FC-3D80-4C3B-9E15-342441822115}.Debug|Any CPU.ActiveCfg = Debug|Any CPU
		{A54D14FC-3D80-4C3B-9E15-342441822115}.Debug|Any CPU.Build.0 = Debug|Any CPU
		{A54D14FC-3D80-4C3B-9E15-342441822115}.Debug|x64.ActiveCfg = Debug|Any CPU
		{A54D14FC-3D80-4C3B-9E15-342441822115}.Debug|x64.Build.0 = Debug|Any CPU
		{A54D14FC-3D80-4C3B-9E15-342441822115}.Debug|x86.ActiveCfg = Debug|Any CPU
		{A54D14FC-3D80-4C3B-9E15-342441822115}.Debug|x86.Build.0 = Debug|Any CPU
		{A54D14FC-3D80-4C3B-9E15-342441822115}.Release|Any CPU.ActiveCfg = Release|Any CPU
		{A54D14FC-3D80-4C3B-9E15-342441822115}.Release|Any CPU.Build.0 = Release|Any CPU
		{A54D14FC-3D80-4C3B-9E15-342441822115}.Release|x64.ActiveCfg = Release|Any CPU
		{A54D14FC-3D80-4C3B-9E15-342441822115}.Release|x64.Build.0 = Release|Any CPU
		{A54D14FC-3D80-4C3B-9E15-342441822115}.Release|x86.ActiveCfg = Release|Any CPU
		{A54D14FC-3D80-4C3B-9E15-342441822115}.Release|x86.Build.0 = Release|Any CPU
		{ED90B7E9-AE04-4D27-B675-D9E0CB57789B}.Debug|Any CPU.ActiveCfg = Debug|Any CPU
		{ED90B7E9-AE04-4D27-B675-D9E0CB57789B}.Debug|Any CPU.Build.0 = Debug|Any CPU
		{ED90B7E9-AE04-4D27-B675-D9E0CB57789B}.Debug|x64.ActiveCfg = Debug|Any CPU
		{ED90B7E9-AE04-4D27-B675-D9E0CB57789B}.Debug|x64.Build.0 = Debug|Any CPU
		{ED90B7E9-AE04-4D27-B675-D9E0CB57789B}.Debug|x86.ActiveCfg = Debug|Any CPU
		{ED90B7E9-AE04-4D27-B675-D9E0CB57789B}.Debug|x86.Build.0 = Debug|Any CPU
		{ED90B7E9-AE04-4D27-B675-D9E0CB57789B}.Release|Any CPU.ActiveCfg = Release|Any CPU
		{ED90B7E9-AE04-4D27-B675-D9E0CB57789B}.Release|Any CPU.Build.0 = Release|Any CPU
		{ED90B7E9-AE04-4D27-B675-D9E0CB57789B}.Release|x64.ActiveCfg = Release|Any CPU
		{ED90B7E9-AE04-4D27-B675-D9E0CB57789B}.Release|x64.Build.0 = Release|Any CPU
		{ED90B7E9-AE04-4D27-B675-D9E0CB57789B}.Release|x86.ActiveCfg = Release|Any CPU
		{ED90B7E9-AE04-4D27-B675-D9E0CB57789B}.Release|x86.Build.0 = Release|Any CPU
	EndGlobalSection
EndGlobal
